{
  "version": 4,
  "terraform_version": "1.3.0",
  "serial": 23,
  "lineage": "338d508a-073a-aa4d-d8c9-108677a64fa1",
  "outputs": {},
  "resources": [
    {
      "mode": "managed",
      "type": "google_sql_database_instance",
      "name": "gcp_database",
      "provider": "provider[\"registry.terraform.io/hashicorp/google\"]",
      "instances": [
        {
          "schema_version": 0,
          "attributes": {
            "available_maintenance_versions": [],
            "clone": [],
            "connection_name": "terra-practice:europe-west2:gcpdatabase",
            "database_version": "MYSQL_5_7",
            "deletion_protection": false,
            "encryption_key_name": null,
            "first_ip_address": "34.105.222.124",
            "id": "gcpdatabase",
            "ip_address": [
              {
                "ip_address": "34.105.222.124",
                "time_to_retire": "",
                "type": "PRIMARY"
              }
            ],
            "maintenance_version": "MYSQL_5_7_39.R20221108.00_02",
            "master_instance_name": "",
            "name": "gcpdatabase",
            "private_ip_address": "",
            "project": "terra-practice",
            "public_ip_address": "34.105.222.124",
            "region": "europe-west2",
            "replica_configuration": [],
            "restore_backup_context": [],
            "root_password": null,
            "self_link": "https://sqladmin.googleapis.com/sql/v1beta4/projects/terra-practice/instances/gcpdatabase",
            "server_ca_cert": [
              {
                "cert": "-----BEGIN CERTIFICATE-----\nMIIDfzCCAmegAwIBAgIBADANBgkqhkiG9w0BAQsFADB3MS0wKwYDVQQuEyRkYjBm\nZjBjMC0yZGMwLTRkMzAtOWRmNi0xNzU5NGI4ZmI2MWMxIzAhBgNVBAMTGkdvb2ds\nZSBDbG91ZCBTUUwgU2VydmVyIENBMRQwEgYDVQQKEwtHb29nbGUsIEluYzELMAkG\nA1UEBhMCVVMwHhcNMjIxMjMwMDk1NzU2WhcNMzIxMjI3MDk1ODU2WjB3MS0wKwYD\nVQQuEyRkYjBmZjBjMC0yZGMwLTRkMzAtOWRmNi0xNzU5NGI4ZmI2MWMxIzAhBgNV\nBAMTGkdvb2dsZSBDbG91ZCBTUUwgU2VydmVyIENBMRQwEgYDVQQKEwtHb29nbGUs\nIEluYzELMAkGA1UEBhMCVVMwggEiMA0GCSqGSIb3DQEBAQUAA4IBDwAwggEKAoIB\nAQDU7OKMK6ma8f2z4ovvaOUvx96Ep7XUoKOOVSqNWwFROwic6ioEKEtJgrWzTq4F\nprZncZbSN/+9DtN5eV2HRqD9OvSYlFGPqTBZfZ4VGot2OTYI6vH+qywucnFPZ6Zq\nbJcMaDWR7LSgW74BuR6OBacmJkboINEY5/rxUow7WOXR0TP6cfn0OW6Ox6RhEVtr\nD2NT3iN5hdjiVNX14zHLprc5Lv3x6vBNkA5Zn70a2rjX831t8OWnYwHsXkYZndE5\n2FFlp0ny8L3iuMagQtODpw4WlWUl7b25/h7uvSEEWbI9ut+NZN1oNYpUHheVTE8Y\nXGnOGlUsFmgkxLXsCv3QfxtNAgMBAAGjFjAUMBIGA1UdEwEB/wQIMAYBAf8CAQAw\nDQYJKoZIhvcNAQELBQADggEBAD2bVR8wRrfKv+p8XVWVH227CK0JqQyEBO7AbhAx\nkqR7wsDxV9LHxYcDsb9BTSVkZh/neBzd7olZcu+vpSy6a42gXPKcoZ3bjuORHrF+\n0BkUbbPvA9Ls5IzsSDiuFnFpZEhI2RmGMyW34mraJocSw813OVWxIaDhggQzyxaU\n6k+EP17sFhopd5RBiytt2rUIxngdMU84hjTjW3X6zRdO7pB8JQphUdWv9+FY4h+z\n5prg6qfaa54AsJhFLt2pDpURvKRyeZHUaHo2Br55Go6Qic8RAM5qGRNxu7lDSz0w\nAofmQsvSDuy69MFaxVs8AshBIg0rtJIzo930VTI0gcxDRHU=\n-----END CERTIFICATE-----",
                "common_name": "C=US,O=Google\\, Inc,CN=Google Cloud SQL Server CA,dnQualifier=db0ff0c0-2dc0-4d30-9df6-17594b8fb61c",
                "create_time": "2022-12-30T09:57:56.813Z",
                "expiration_time": "2032-12-27T09:58:56.813Z",
                "sha1_fingerprint": "38891b344d2728f241f7183d88803d3362b369b2"
              }
            ],
            "service_account_email_address": "p465032115582-lnpg9q@gcp-sa-cloud-sql.iam.gserviceaccount.com",
            "settings": [
              {
                "activation_policy": "ALWAYS",
                "active_directory_config": [],
                "availability_type": "ZONAL",
                "backup_configuration": [
                  {
                    "backup_retention_settings": [
                      {
                        "retained_backups": 7,
                        "retention_unit": "COUNT"
                      }
                    ],
                    "binary_log_enabled": false,
                    "enabled": false,
                    "location": "",
                    "point_in_time_recovery_enabled": false,
                    "start_time": "18:00",
                    "transaction_log_retention_days": 7
                  }
                ],
                "collation": "",
                "connector_enforcement": "NOT_REQUIRED",
                "database_flags": [],
                "deny_maintenance_period": [],
                "disk_autoresize": true,
                "disk_autoresize_limit": 0,
                "disk_size": 20,
                "disk_type": "PD_SSD",
                "insights_config": [],
                "ip_configuration": [
                  {
                    "allocated_ip_range": "",
                    "authorized_networks": [],
                    "ipv4_enabled": true,
                    "private_network": "",
                    "require_ssl": false
                  }
                ],
                "location_preference": [
                  {
                    "follow_gae_application": "",
                    "secondary_zone": "",
                    "zone": "europe-west2-a"
                  }
                ],
                "maintenance_window": [],
                "password_validation_policy": [],
                "pricing_plan": "PER_USE",
                "sql_server_audit_config": [],
                "tier": "db-f1-micro",
                "time_zone": "",
                "user_labels": {},
                "version": 15
              }
            ],
            "timeouts": null
          },
          "sensitive_attributes": [],
          "private": "eyJlMmJmYjczMC1lY2FhLTExZTYtOGY4OC0zNDM2M2JjN2M0YzAiOnsiY3JlYXRlIjoxODAwMDAwMDAwMDAwLCJkZWxldGUiOjE4MDAwMDAwMDAwMDAsInVwZGF0ZSI6MTgwMDAwMDAwMDAwMH19"
        }
      ]
    },
    {
      "mode": "managed",
      "type": "google_sql_user",
      "name": "admin",
      "provider": "provider[\"registry.terraform.io/hashicorp/google\"]",
      "instances": [
        {
          "index_key": 0,
          "schema_version": 1,
          "attributes": {
            "deletion_policy": null,
            "host": "%",
            "id": "admin/%/gcpdatabase",
            "instance": "gcpdatabase",
            "name": "admin",
            "password": "123456",
            "password_policy": [],
            "project": "terra-practice",
            "sql_server_user_details": [],
            "timeouts": null,
            "type": ""
          },
          "sensitive_attributes": [],
          "private": "eyJlMmJmYjczMC1lY2FhLTExZTYtOGY4OC0zNDM2M2JjN2M0YzAiOnsiY3JlYXRlIjo2MDAwMDAwMDAwMDAsImRlbGV0ZSI6NjAwMDAwMDAwMDAwLCJ1cGRhdGUiOjYwMDAwMDAwMDAwMH0sInNjaGVtYV92ZXJzaW9uIjoiMSJ9",
          "dependencies": [
            "google_sql_database_instance.gcp_database"
          ]
        }
      ]
    }
  ],
  "check_results": []
}
