{
  "version": 4,
  "terraform_version": "1.3.0",
  "serial": 11,
  "lineage": "412f054f-0eb4-1506-51c4-21ec06917efc",
  "outputs": {},
  "resources": [
    {
      "module": "module.bucket",
      "mode": "managed",
      "type": "google_storage_bucket",
      "name": "NLP-bucket",
      "provider": "module.bucket.provider[\"registry.terraform.io/hashicorp/google\"]",
      "instances": [
        {
          "schema_version": 0,
          "attributes": {
            "autoclass": [],
            "cors": [],
            "custom_placement_config": [],
            "default_event_based_hold": false,
            "encryption": [],
            "force_destroy": true,
            "id": "app1-test-bucket",
            "labels": {
              "location": "us",
              "name": "test-bucket"
            },
            "lifecycle_rule": [],
            "location": "US",
            "logging": [],
            "name": "app1-test-bucket",
            "project": "terra-practice",
            "public_access_prevention": "inherited",
            "requester_pays": false,
            "retention_policy": [],
            "self_link": "https://www.googleapis.com/storage/v1/b/app1-test-bucket",
            "storage_class": "STANDARD",
            "timeouts": null,
            "uniform_bucket_level_access": false,
            "url": "gs://app1-test-bucket",
            "versioning": [
              {
                "enabled": true
              }
            ],
            "website": []
          },
          "sensitive_attributes": [],
          "private": "eyJlMmJmYjczMC1lY2FhLTExZTYtOGY4OC0zNDM2M2JjN2M0YzAiOnsiY3JlYXRlIjoyNDAwMDAwMDAwMDAsInJlYWQiOjI0MDAwMDAwMDAwMCwidXBkYXRlIjoyNDAwMDAwMDAwMDB9fQ=="
        }
      ]
    },
    {
      "module": "module.database",
      "mode": "managed",
      "type": "google_sql_database_instance",
      "name": "gcp_database",
      "provider": "module.database.provider[\"registry.terraform.io/hashicorp/google\"]",
      "instances": [
        {
          "schema_version": 0,
          "attributes": {
            "available_maintenance_versions": [],
            "clone": [],
            "connection_name": "terra-practice:europe-west2:gcpdatabase",
            "database_version": "MYSQL_5_7",
            "deletion_protection": false,
            "encryption_key_name": null,
            "first_ip_address": "34.89.6.41",
            "id": "gcpdatabase",
            "ip_address": [
              {
                "ip_address": "34.89.6.41",
                "time_to_retire": "",
                "type": "PRIMARY"
              }
            ],
            "maintenance_version": "MYSQL_5_7_39.R20221108.00_02",
            "master_instance_name": "",
            "name": "gcpdatabase",
            "private_ip_address": "",
            "project": "terra-practice",
            "public_ip_address": "34.89.6.41",
            "region": "europe-west2",
            "replica_configuration": [],
            "restore_backup_context": [],
            "root_password": null,
            "self_link": "https://sqladmin.googleapis.com/sql/v1beta4/projects/terra-practice/instances/gcpdatabase",
            "server_ca_cert": [
              {
                "cert": "-----BEGIN CERTIFICATE-----\nMIIDfzCCAmegAwIBAgIBADANBgkqhkiG9w0BAQsFADB3MS0wKwYDVQQuEyRlODVk\nZjNiYi1jMTkyLTQ5NzQtYmQyZC1iY2M2MWIwYTE0NGExIzAhBgNVBAMTGkdvb2ds\nZSBDbG91ZCBTUUwgU2VydmVyIENBMRQwEgYDVQQKEwtHb29nbGUsIEluYzELMAkG\nA1UEBhMCVVMwHhcNMjMwMTA0MTA0ODIwWhcNMzMwMTAxMTA0OTIwWjB3MS0wKwYD\nVQQuEyRlODVkZjNiYi1jMTkyLTQ5NzQtYmQyZC1iY2M2MWIwYTE0NGExIzAhBgNV\nBAMTGkdvb2dsZSBDbG91ZCBTUUwgU2VydmVyIENBMRQwEgYDVQQKEwtHb29nbGUs\nIEluYzELMAkGA1UEBhMCVVMwggEiMA0GCSqGSIb3DQEBAQUAA4IBDwAwggEKAoIB\nAQCFNu6hg7yrgIEOnlAzJN9XSUdOXetgMcMSnpdKperPAxnItPA0RHUUyQvlK+tP\nwLMcYttcfUgLXkP2wO2pQAVZ+sElUiC512gBQZ+6D9LoAcoWru2gb7yl1kIzmaab\nHKg+22bOJHgiTzdSpM1qZ9pg7J20wCJdNSpJiHkI9Gt61ptxRXc8LDURFdktl85W\ng1sQ4zCXr7/ZjReZKT3p6Psk3vX8lCJwAZQGeyn1Dw649QLHG6vJ3sLhZYHW04U+\nzHDE+pTss5BAKqMVXQNBqYUG8vSaIaFP3HH3f3JV38tTxtMWCaj83E8qTEFBP7IE\n/OkGrJdTYLa6fgpjsv2KLw8JAgMBAAGjFjAUMBIGA1UdEwEB/wQIMAYBAf8CAQAw\nDQYJKoZIhvcNAQELBQADggEBAGxm58H4aL54tgVELAinpf9M7fgXFdk3YnEDLKA2\nXdD0w1SbHtHto4fU57LRkAXBh84Ejqb0eRCY9ZqJkptFGuEmoNzWcHgvEMDVGyeg\nSw+JvG816TvVC++uolWP1gaqUTbH/CgiOlzCxHCTI5VqI8XfaWMyQmn79g9cbXmr\nlqdR/iHAn+Cb+3K2EV+K0HLIfHrsm9pkR0CnNKRYkWswRJm5wz94fYOxq48nGeWQ\n6NgBsne2OTHGjn/nCNF1oxwcSrhjDvbcB5MjW8dgAiPmzjHUg7SKxQRQN7d3A4VB\nZUWfexj5C7sE3vNrmnYnxqE0rhkCMwwI94d0bxc6S9M3tEU=\n-----END CERTIFICATE-----",
                "common_name": "C=US,O=Google\\, Inc,CN=Google Cloud SQL Server CA,dnQualifier=e85df3bb-c192-4974-bd2d-bcc61b0a144a",
                "create_time": "2023-01-04T10:48:20.778Z",
                "expiration_time": "2033-01-01T10:49:20.778Z",
                "sha1_fingerprint": "d9c265ff86613e338b405aea13364f88a31502d4"
              }
            ],
            "service_account_email_address": "p465032115582-dauxqc@gcp-sa-cloud-sql.iam.gserviceaccount.com",
            "settings": [
              {
                "activation_policy": "ALWAYS",
                "active_directory_config": [],
                "availability_type": "ZONAL",
                "backup_configuration": [
                  {
                    "backup_retention_settings": [
                      {
                        "retained_backups": 7,
                        "retention_unit": "COUNT"
                      }
                    ],
                    "binary_log_enabled": false,
                    "enabled": false,
                    "location": "",
                    "point_in_time_recovery_enabled": false,
                    "start_time": "16:00",
                    "transaction_log_retention_days": 7
                  }
                ],
                "collation": "",
                "connector_enforcement": "NOT_REQUIRED",
                "database_flags": [],
                "deny_maintenance_period": [],
                "disk_autoresize": true,
                "disk_autoresize_limit": 0,
                "disk_size": 20,
                "disk_type": "PD_SSD",
                "insights_config": [],
                "ip_configuration": [
                  {
                    "allocated_ip_range": "",
                    "authorized_networks": [],
                    "ipv4_enabled": true,
                    "private_network": "",
                    "require_ssl": false
                  }
                ],
                "location_preference": [
                  {
                    "follow_gae_application": "",
                    "secondary_zone": "",
                    "zone": "europe-west2-a"
                  }
                ],
                "maintenance_window": [],
                "password_validation_policy": [],
                "pricing_plan": "PER_USE",
                "sql_server_audit_config": [],
                "tier": "db-f1-micro",
                "time_zone": "",
                "user_labels": {},
                "version": 1
              }
            ],
            "timeouts": null
          },
          "sensitive_attributes": [],
          "private": "eyJlMmJmYjczMC1lY2FhLTExZTYtOGY4OC0zNDM2M2JjN2M0YzAiOnsiY3JlYXRlIjoxODAwMDAwMDAwMDAwLCJkZWxldGUiOjE4MDAwMDAwMDAwMDAsInVwZGF0ZSI6MTgwMDAwMDAwMDAwMH19"
        }
      ]
    },
    {
      "module": "module.database",
      "mode": "managed",
      "type": "google_sql_user",
      "name": "admin",
      "provider": "module.database.provider[\"registry.terraform.io/hashicorp/google\"]",
      "instances": [
        {
          "index_key": 0,
          "schema_version": 1,
          "attributes": {
            "deletion_policy": null,
            "host": "%",
            "id": "admin/%/gcpdatabase",
            "instance": "gcpdatabase",
            "name": "admin",
            "password": "123456",
            "password_policy": [],
            "project": "terra-practice",
            "sql_server_user_details": [],
            "timeouts": null,
            "type": ""
          },
          "sensitive_attributes": [],
          "private": "eyJlMmJmYjczMC1lY2FhLTExZTYtOGY4OC0zNDM2M2JjN2M0YzAiOnsiY3JlYXRlIjo2MDAwMDAwMDAwMDAsImRlbGV0ZSI6NjAwMDAwMDAwMDAwLCJ1cGRhdGUiOjYwMDAwMDAwMDAwMH0sInNjaGVtYV92ZXJzaW9uIjoiMSJ9",
          "dependencies": [
            "module.database.google_sql_database_instance.gcp_database"
          ]
        }
      ]
    },
    {
      "module": "module.instance",
      "mode": "managed",
      "type": "google_compute_attached_disk",
      "name": "default",
      "provider": "module.instance.provider[\"registry.terraform.io/hashicorp/google\"]",
      "instances": [
        {
          "schema_version": 0,
          "attributes": {
            "device_name": "persistent-disk-1",
            "disk": "projects/terra-practice/zones/us-central1-a/disks/test-disk",
            "id": "projects/terra-practice/zones/us-central1-a/instances/app/test-disk",
            "instance": "projects/terra-practice/zones/us-central1-a/instances/app",
            "mode": "READ_WRITE",
            "project": "terra-practice",
            "timeouts": null,
            "zone": "us-central1-a"
          },
          "sensitive_attributes": [],
          "private": "eyJlMmJmYjczMC1lY2FhLTExZTYtOGY4OC0zNDM2M2JjN2M0YzAiOnsiY3JlYXRlIjozMDAwMDAwMDAwMDAsImRlbGV0ZSI6MzAwMDAwMDAwMDAwfX0=",
          "dependencies": [
            "module.instance.google_compute_disk.default",
            "module.instance.google_compute_instance.default"
          ]
        }
      ]
    },
    {
      "module": "module.instance",
      "mode": "managed",
      "type": "google_compute_disk",
      "name": "default",
      "provider": "module.instance.provider[\"registry.terraform.io/hashicorp/google\"]",
      "instances": [
        {
          "schema_version": 0,
          "attributes": {
            "creation_timestamp": "2023-01-04T02:48:05.926-08:00",
            "description": "",
            "disk_encryption_key": [],
            "id": "projects/terra-practice/zones/us-central1-a/disks/test-disk",
            "image": "https://www.googleapis.com/compute/v1/projects/debian-cloud/global/images/debian-11-bullseye-v20220719",
            "label_fingerprint": "42WmSpB8rSM=",
            "labels": null,
            "last_attach_timestamp": "",
            "last_detach_timestamp": "",
            "name": "test-disk",
            "physical_block_size_bytes": 4096,
            "project": "terra-practice",
            "provisioned_iops": 0,
            "self_link": "https://www.googleapis.com/compute/v1/projects/terra-practice/zones/us-central1-a/disks/test-disk",
            "size": 10,
            "snapshot": "",
            "source_disk": "",
            "source_disk_id": "",
            "source_image_encryption_key": [],
            "source_image_id": "4932115930768171344",
            "source_snapshot_encryption_key": [],
            "source_snapshot_id": "",
            "timeouts": null,
            "type": "pd-ssd",
            "users": [],
            "zone": "us-central1-a"
          },
          "sensitive_attributes": [],
          "private": "eyJlMmJmYjczMC1lY2FhLTExZTYtOGY4OC0zNDM2M2JjN2M0YzAiOnsiY3JlYXRlIjoxMjAwMDAwMDAwMDAwLCJkZWxldGUiOjEyMDAwMDAwMDAwMDAsInVwZGF0ZSI6MTIwMDAwMDAwMDAwMH19"
        }
      ]
    },
    {
      "module": "module.instance",
      "mode": "managed",
      "type": "google_compute_firewall",
      "name": "allow_http",
      "provider": "module.instance.provider[\"registry.terraform.io/hashicorp/google\"]",
      "instances": [
        {
          "schema_version": 1,
          "attributes": {
            "allow": [
              {
                "ports": [
                  "80"
                ],
                "protocol": "tcp"
              }
            ],
            "creation_timestamp": "2023-01-04T02:48:04.108-08:00",
            "deny": [],
            "description": "",
            "destination_ranges": [],
            "direction": "INGRESS",
            "disabled": false,
            "enable_logging": null,
            "id": "projects/terra-practice/global/firewalls/allow-http",
            "log_config": [],
            "name": "allow-http",
            "network": "https://www.googleapis.com/compute/v1/projects/terra-practice/global/networks/default",
            "priority": 1000,
            "project": "terra-practice",
            "self_link": "https://www.googleapis.com/compute/v1/projects/terra-practice/global/firewalls/allow-http",
            "source_ranges": null,
            "source_service_accounts": null,
            "source_tags": [
              "mynetwork"
            ],
            "target_service_accounts": null,
            "target_tags": [
              "allow-http"
            ],
            "timeouts": null
          },
          "sensitive_attributes": [],
          "private": "eyJlMmJmYjczMC1lY2FhLTExZTYtOGY4OC0zNDM2M2JjN2M0YzAiOnsiY3JlYXRlIjoxMjAwMDAwMDAwMDAwLCJkZWxldGUiOjEyMDAwMDAwMDAwMDAsInVwZGF0ZSI6MTIwMDAwMDAwMDAwMH0sInNjaGVtYV92ZXJzaW9uIjoiMSJ9"
        }
      ]
    },
    {
      "module": "module.instance",
      "mode": "managed",
      "type": "google_compute_firewall",
      "name": "allow_https",
      "provider": "module.instance.provider[\"registry.terraform.io/hashicorp/google\"]",
      "instances": [
        {
          "schema_version": 1,
          "attributes": {
            "allow": [
              {
                "ports": [
                  "443"
                ],
                "protocol": "tcp"
              }
            ],
            "creation_timestamp": "2023-01-04T02:48:04.295-08:00",
            "deny": [],
            "description": "",
            "destination_ranges": [],
            "direction": "INGRESS",
            "disabled": false,
            "enable_logging": null,
            "id": "projects/terra-practice/global/firewalls/allow-https",
            "log_config": [],
            "name": "allow-https",
            "network": "https://www.googleapis.com/compute/v1/projects/terra-practice/global/networks/default",
            "priority": 1000,
            "project": "terra-practice",
            "self_link": "https://www.googleapis.com/compute/v1/projects/terra-practice/global/firewalls/allow-https",
            "source_ranges": null,
            "source_service_accounts": null,
            "source_tags": [
              "mynetwork"
            ],
            "target_service_accounts": null,
            "target_tags": [
              "allow-https"
            ],
            "timeouts": null
          },
          "sensitive_attributes": [],
          "private": "eyJlMmJmYjczMC1lY2FhLTExZTYtOGY4OC0zNDM2M2JjN2M0YzAiOnsiY3JlYXRlIjoxMjAwMDAwMDAwMDAwLCJkZWxldGUiOjEyMDAwMDAwMDAwMDAsInVwZGF0ZSI6MTIwMDAwMDAwMDAwMH0sInNjaGVtYV92ZXJzaW9uIjoiMSJ9"
        }
      ]
    },
    {
      "module": "module.instance",
      "mode": "managed",
      "type": "google_compute_instance",
      "name": "default",
      "provider": "module.instance.provider[\"registry.terraform.io/hashicorp/google\"]",
      "instances": [
        {
          "schema_version": 6,
          "attributes": {
            "advanced_machine_features": [],
            "allow_stopping_for_update": null,
            "attached_disk": [],
            "boot_disk": [
              {
                "auto_delete": true,
                "device_name": "persistent-disk-0",
                "disk_encryption_key_raw": "",
                "disk_encryption_key_sha256": "",
                "initialize_params": [
                  {
                    "image": "https://www.googleapis.com/compute/v1/projects/debian-cloud/global/images/debian-11-bullseye-v20221206",
                    "labels": {},
                    "size": 20,
                    "type": "pd-standard"
                  }
                ],
                "kms_key_self_link": "",
                "mode": "READ_WRITE",
                "source": "https://www.googleapis.com/compute/v1/projects/terra-practice/zones/us-central1-a/disks/app"
              }
            ],
            "can_ip_forward": false,
            "confidential_instance_config": [],
            "cpu_platform": "Intel Haswell",
            "current_status": "RUNNING",
            "deletion_protection": false,
            "description": "",
            "desired_status": null,
            "enable_display": false,
            "guest_accelerator": [],
            "hostname": "",
            "id": "projects/terra-practice/zones/us-central1-a/instances/app",
            "instance_id": "1655382069516756873",
            "label_fingerprint": "PlqFQLBsw9g=",
            "labels": {
              "machine_type": "n1-standard-1",
              "name": "app"
            },
            "machine_type": "n1-standard-1",
            "metadata": {
              "foo": "bar",
              "size": "20"
            },
            "metadata_fingerprint": "MuAwUCgnRF8=",
            "metadata_startup_script": "echo hi \u003e /test.txt",
            "min_cpu_platform": "",
            "name": "app",
            "network_interface": [
              {
                "access_config": [],
                "alias_ip_range": [],
                "ipv6_access_config": [],
                "ipv6_access_type": "",
                "name": "nic0",
                "network": "https://www.googleapis.com/compute/v1/projects/terra-practice/global/networks/default",
                "network_ip": "10.128.0.10",
                "nic_type": "",
                "queue_count": 0,
                "stack_type": "IPV4_ONLY",
                "subnetwork": "https://www.googleapis.com/compute/v1/projects/terra-practice/regions/us-central1/subnetworks/default",
                "subnetwork_project": "terra-practice"
              }
            ],
            "project": "terra-practice",
            "reservation_affinity": [],
            "resource_policies": null,
            "scheduling": [
              {
                "automatic_restart": true,
                "instance_termination_action": "",
                "min_node_cpus": 0,
                "node_affinities": [],
                "on_host_maintenance": "MIGRATE",
                "preemptible": false,
                "provisioning_model": "STANDARD"
              }
            ],
            "scratch_disk": [],
            "self_link": "https://www.googleapis.com/compute/v1/projects/terra-practice/zones/us-central1-a/instances/app",
            "service_account": [
              {
                "email": "465032115582-compute@developer.gserviceaccount.com",
                "scopes": [
                  "https://www.googleapis.com/auth/compute.readonly",
                  "https://www.googleapis.com/auth/devstorage.read_only",
                  "https://www.googleapis.com/auth/userinfo.email"
                ]
              }
            ],
            "shielded_instance_config": [
              {
                "enable_integrity_monitoring": true,
                "enable_secure_boot": false,
                "enable_vtpm": true
              }
            ],
            "tags": [
              "allow-http",
              "allow-https"
            ],
            "tags_fingerprint": "0lKznsNvMu8=",
            "timeouts": null,
            "zone": "us-central1-a"
          },
          "sensitive_attributes": [],
          "private": "eyJlMmJmYjczMC1lY2FhLTExZTYtOGY4OC0zNDM2M2JjN2M0YzAiOnsiY3JlYXRlIjoxMjAwMDAwMDAwMDAwLCJkZWxldGUiOjEyMDAwMDAwMDAwMDAsInVwZGF0ZSI6MTIwMDAwMDAwMDAwMH0sInNjaGVtYV92ZXJzaW9uIjoiNiJ9"
        }
      ]
    },
    {
      "module": "module.vpc",
      "mode": "managed",
      "type": "google_compute_network",
      "name": "vpc_network",
      "provider": "module.vpc.provider[\"registry.terraform.io/hashicorp/google\"]",
      "instances": [
        {
          "schema_version": 0,
          "attributes": {
            "auto_create_subnetworks": true,
            "delete_default_routes_on_create": false,
            "description": "",
            "enable_ula_internal_ipv6": false,
            "gateway_ipv4": "",
            "id": "projects/terra-practice/global/networks/terraform-network",
            "internal_ipv6_range": "",
            "mtu": 0,
            "name": "terraform-network",
            "project": "terra-practice",
            "routing_mode": "REGIONAL",
            "self_link": "https://www.googleapis.com/compute/v1/projects/terra-practice/global/networks/terraform-network",
            "timeouts": null
          },
          "sensitive_attributes": [],
          "private": "eyJlMmJmYjczMC1lY2FhLTExZTYtOGY4OC0zNDM2M2JjN2M0YzAiOnsiY3JlYXRlIjoxMjAwMDAwMDAwMDAwLCJkZWxldGUiOjEyMDAwMDAwMDAwMDAsInVwZGF0ZSI6MTIwMDAwMDAwMDAwMH19"
        }
      ]
    },
    {
      "module": "module.vpc",
      "mode": "managed",
      "type": "google_compute_subnetwork",
      "name": "public-subnetwork",
      "provider": "module.vpc.provider[\"registry.terraform.io/hashicorp/google\"]",
      "instances": [
        {
          "schema_version": 0,
          "attributes": {
            "creation_timestamp": "2023-01-04T02:48:38.699-08:00",
            "description": "",
            "external_ipv6_prefix": "",
            "fingerprint": null,
            "gateway_address": "10.2.0.1",
            "id": "projects/terra-practice/regions/us-central1/subnetworks/terraform-subnetwork",
            "ip_cidr_range": "10.2.0.0/16",
            "ipv6_access_type": "",
            "ipv6_cidr_range": "",
            "log_config": [],
            "name": "terraform-subnetwork",
            "network": "https://www.googleapis.com/compute/v1/projects/terra-practice/global/networks/terraform-network",
            "private_ip_google_access": false,
            "private_ipv6_google_access": "DISABLE_GOOGLE_ACCESS",
            "project": "terra-practice",
            "purpose": "PRIVATE",
            "region": "us-central1",
            "role": "",
            "secondary_ip_range": [],
            "self_link": "https://www.googleapis.com/compute/v1/projects/terra-practice/regions/us-central1/subnetworks/terraform-subnetwork",
            "stack_type": "IPV4_ONLY",
            "timeouts": null
          },
          "sensitive_attributes": [],
          "private": "eyJlMmJmYjczMC1lY2FhLTExZTYtOGY4OC0zNDM2M2JjN2M0YzAiOnsiY3JlYXRlIjoxMjAwMDAwMDAwMDAwLCJkZWxldGUiOjEyMDAwMDAwMDAwMDAsInVwZGF0ZSI6MTIwMDAwMDAwMDAwMH19",
          "dependencies": [
            "module.vpc.google_compute_network.vpc_network"
          ]
        }
      ]
    }
  ],
  "check_results": []
}
